
Microsoft Visual Studio Solution File, Format Version 12.00
# Visual Studio Express 2013 for Web
VisualStudioVersion = 12.0.40629.0
MinimumVisualStudioVersion = 10.0.40219.1
Project("{FAE04EC0-301F-11D3-BF4B-00C04F79EFBC}") = "Nosology.Common", "Nosology.Common\Nosology.Common.csproj", "{E995D009-D502-4F00-BBAA-43782D0BA74F}"
EndProject
Project("{FAE04EC0-301F-11D3-BF4B-00C04F79EFBC}") = "Nosology.Data", "Nosology.Data\Nosology.Data.csproj", "{D547F7F4-FAD2-4FE3-A81B-7EC53CBAB9DA}"
EndProject
Project("{FAE04EC0-301F-11D3-BF4B-00C04F79EFBC}") = "Nosology.Data.Sql", "Nosology.Data.Sql\Nosology.Data.Sql.csproj", "{8C7E09D8-CD1E-4991-9DB9-970609C5EDD6}"
EndProject
Project("{FAE04EC0-301F-11D3-BF4B-00C04F79EFBC}") = "Nosology.Models", "Nosology.Models\Nosology.Models.csproj", "{B25A8973-6370-4E81-BBE7-96813287FB37}"
EndProject
Project("{2150E333-8FDC-42A3-9474-1A3956D46DE8}") = "UI", "UI", "{4CBBEED8-47E8-46C0-A053-644B20A5C94E}"
EndProject
Project("{FAE04EC0-301F-11D3-BF4B-00C04F79EFBC}") = "Nosology.Web.App", "Nosology.Web.App\Nosology.Web.App.csproj", "{5E3C7848-635A-4AAD-B6CF-037227E2C852}"
EndProject
Project("{FAE04EC0-301F-11D3-BF4B-00C04F79EFBC}") = "Nosology.ViewModels", "Nosology.ViewModels\Nosology.ViewModels.csproj", "{21FFB055-5FA4-4256-96CC-3CE7CECF3FEB}"
EndProject
Project("{FAE04EC0-301F-11D3-BF4B-00C04F79EFBC}") = "Nosology.Presentation", "Nosology.Presentation\Nosology.Presentation.csproj", "{65EED1C5-F6F1-44E3-A1E7-1E4AA0BA424C}"
EndProject
Project("{FAE04EC0-301F-11D3-BF4B-00C04F79EFBC}") = "Nosology.Data.Xml", "Nosology.Data.Xml\Nosology.Data.Xml.csproj", "{9CA79031-9FCF-4BB3-9037-6502382F5C01}"
EndProject
Global
	GlobalSection(SolutionConfigurationPlatforms) = preSolution
		Debug|Any CPU = Debug|Any CPU
		Release|Any CPU = Release|Any CPU
	EndGlobalSection
	GlobalSection(ProjectConfigurationPlatforms) = postSolution
		{E995D009-D502-4F00-BBAA-43782D0BA74F}.Debug|Any CPU.ActiveCfg = Debug|Any CPU
		{E995D009-D502-4F00-BBAA-43782D0BA74F}.Debug|Any CPU.Build.0 = Debug|Any CPU
		{E995D009-D502-4F00-BBAA-43782D0BA74F}.Release|Any CPU.ActiveCfg = Release|Any CPU
		{E995D009-D502-4F00-BBAA-43782D0BA74F}.Release|Any CPU.Build.0 = Release|Any CPU
		{D547F7F4-FAD2-4FE3-A81B-7EC53CBAB9DA}.Debug|Any CPU.ActiveCfg = Debug|Any CPU
		{D547F7F4-FAD2-4FE3-A81B-7EC53CBAB9DA}.Debug|Any CPU.Build.0 = Debug|Any CPU
		{D547F7F4-FAD2-4FE3-A81B-7EC53CBAB9DA}.Release|Any CPU.ActiveCfg = Release|Any CPU
		{D547F7F4-FAD2-4FE3-A81B-7EC53CBAB9DA}.Release|Any CPU.Build.0 = Release|Any CPU
		{8C7E09D8-CD1E-4991-9DB9-970609C5EDD6}.Debug|Any CPU.ActiveCfg = Debug|Any CPU
		{8C7E09D8-CD1E-4991-9DB9-970609C5EDD6}.Debug|Any CPU.Build.0 = Debug|Any CPU
		{8C7E09D8-CD1E-4991-9DB9-970609C5EDD6}.Release|Any CPU.ActiveCfg = Release|Any CPU
		{8C7E09D8-CD1E-4991-9DB9-970609C5EDD6}.Release|Any CPU.Build.0 = Release|Any CPU
		{B25A8973-6370-4E81-BBE7-96813287FB37}.Debug|Any CPU.ActiveCfg = Debug|Any CPU
		{B25A8973-6370-4E81-BBE7-96813287FB37}.Debug|Any CPU.Build.0 = Debug|Any CPU
		{B25A8973-6370-4E81-BBE7-96813287FB37}.Release|Any CPU.ActiveCfg = Release|Any CPU
		{B25A8973-6370-4E81-BBE7-96813287FB37}.Release|Any CPU.Build.0 = Release|Any CPU
		{5E3C7848-635A-4AAD-B6CF-037227E2C852}.Debug|Any CPU.ActiveCfg = Debug|Any CPU
		{5E3C7848-635A-4AAD-B6CF-037227E2C852}.Debug|Any CPU.Build.0 = Debug|Any CPU
		{5E3C7848-635A-4AAD-B6CF-037227E2C852}.Release|Any CPU.ActiveCfg = Release|Any CPU
		{5E3C7848-635A-4AAD-B6CF-037227E2C852}.Release|Any CPU.Build.0 = Release|Any CPU
		{21FFB055-5FA4-4256-96CC-3CE7CECF3FEB}.Debug|Any CPU.ActiveCfg = Debug|Any CPU
		{21FFB055-5FA4-4256-96CC-3CE7CECF3FEB}.Debug|Any CPU.Build.0 = Debug|Any CPU
		{21FFB055-5FA4-4256-96CC-3CE7CECF3FEB}.Release|Any CPU.ActiveCfg = Release|Any CPU
		{21FFB055-5FA4-4256-96CC-3CE7CECF3FEB}.Release|Any CPU.Build.0 = Release|Any CPU
		{65EED1C5-F6F1-44E3-A1E7-1E4AA0BA424C}.Debug|Any CPU.ActiveCfg = Debug|Any CPU
		{65EED1C5-F6F1-44E3-A1E7-1E4AA0BA424C}.Debug|Any CPU.Build.0 = Debug|Any CPU
		{65EED1C5-F6F1-44E3-A1E7-1E4AA0BA424C}.Release|Any CPU.ActiveCfg = Release|Any CPU
		{65EED1C5-F6F1-44E3-A1E7-1E4AA0BA424C}.Release|Any CPU.Build.0 = Release|Any CPU
		{9CA79031-9FCF-4BB3-9037-6502382F5C01}.Debug|Any CPU.ActiveCfg = Debug|Any CPU
		{9CA79031-9FCF-4BB3-9037-6502382F5C01}.Debug|Any CPU.Build.0 = Debug|Any CPU
		{9CA79031-9FCF-4BB3-9037-6502382F5C01}.Release|Any CPU.ActiveCfg = Release|Any CPU
		{9CA79031-9FCF-4BB3-9037-6502382F5C01}.Release|Any CPU.Build.0 = Release|Any CPU
	EndGlobalSection
	GlobalSection(SolutionProperties) = preSolution
		HideSolutionNode = FALSE
	EndGlobalSection
	GlobalSection(NestedProjects) = preSolution
		{5E3C7848-635A-4AAD-B6CF-037227E2C852} = {4CBBEED8-47E8-46C0-A053-644B20A5C94E}
	EndGlobalSection
EndGlobal
